// !$*UTF8*$!
{
	archiveVersion = 1;
	classes = {
	};
	objectVersion = 46;
	objects = {

/* Begin PBXBuildFile section */
		985AFF6F0351536052548775 /* Pods_MCICafe.framework in Frameworks */ = {isa = PBXBuildFile; fileRef = 999E6FD64B78CD5E0E181E33 /* Pods_MCICafe.framework */; };
		A7180B4C1E12518F0025279D /* SpecialsCell.swift in Sources */ = {isa = PBXBuildFile; fileRef = A7180B4B1E12518F0025279D /* SpecialsCell.swift */; };
		A74262B31E0E3C870009B34A /* ModelMenu.swift in Sources */ = {isa = PBXBuildFile; fileRef = A74262B21E0E3C870009B34A /* ModelMenu.swift */; };
		A7712FA91E3C410E00F02847 /* NotificationViewController.swift in Sources */ = {isa = PBXBuildFile; fileRef = A7712FA81E3C410E00F02847 /* NotificationViewController.swift */; };
		A79352311E0E362B00C36D82 /* AppDelegate.swift in Sources */ = {isa = PBXBuildFile; fileRef = A79352301E0E362B00C36D82 /* AppDelegate.swift */; };
		A79352331E0E362B00C36D82 /* FoodSpecialsViewController.swift in Sources */ = {isa = PBXBuildFile; fileRef = A79352321E0E362B00C36D82 /* FoodSpecialsViewController.swift */; };
		A79352351E0E362B00C36D82 /* FoodViewController.swift in Sources */ = {isa = PBXBuildFile; fileRef = A79352341E0E362B00C36D82 /* FoodViewController.swift */; };
		A79352381E0E362B00C36D82 /* Main.storyboard in Resources */ = {isa = PBXBuildFile; fileRef = A79352361E0E362B00C36D82 /* Main.storyboard */; };
		A793523A1E0E362B00C36D82 /* Assets.xcassets in Resources */ = {isa = PBXBuildFile; fileRef = A79352391E0E362B00C36D82 /* Assets.xcassets */; };
		A793523D1E0E362B00C36D82 /* LaunchScreen.storyboard in Resources */ = {isa = PBXBuildFile; fileRef = A793523B1E0E362B00C36D82 /* LaunchScreen.storyboard */; };
		A79352451E0E37BE00C36D82 /* GoogleService-Info.plist in Resources */ = {isa = PBXBuildFile; fileRef = A79352441E0E37BE00C36D82 /* GoogleService-Info.plist */; };
		A799B9F11E5A6E9000D4ACEF /* ViewController.swift in Sources */ = {isa = PBXBuildFile; fileRef = A799B9F01E5A6E9000D4ACEF /* ViewController.swift */; };
		A79B72651E21827A008605CF /* DrinksViewController.swift in Sources */ = {isa = PBXBuildFile; fileRef = A79B72641E21827A008605CF /* DrinksViewController.swift */; };
		A79B72671E25BC07008605CF /* InfoViewController.swift in Sources */ = {isa = PBXBuildFile; fileRef = A79B72661E25BC07008605CF /* InfoViewController.swift */; };
		A79B72691E25CD25008605CF /* Artwork.swift in Sources */ = {isa = PBXBuildFile; fileRef = A79B72681E25CD25008605CF /* Artwork.swift */; };
		A79B726B1E25D1CE008605CF /* OpenMap.swift in Sources */ = {isa = PBXBuildFile; fileRef = A79B726A1E25D1CE008605CF /* OpenMap.swift */; };
		A79C38201E4FBBF000DD2966 /* NotiTextViewController.swift in Sources */ = {isa = PBXBuildFile; fileRef = A79C381F1E4FBBF000DD2966 /* NotiTextViewController.swift */; };
		A79C38221E4FBD4D00DD2966 /* NotiTableViewCell.swift in Sources */ = {isa = PBXBuildFile; fileRef = A79C38211E4FBD4D00DD2966 /* NotiTableViewCell.swift */; };
		A7BEBEA21E27557400FDA9E8 /* EditViewController.swift in Sources */ = {isa = PBXBuildFile; fileRef = A7BEBEA11E27557400FDA9E8 /* EditViewController.swift */; };
		A7CB6FD21E1ECEF9009342C5 /* FoodTableViewCell.swift in Sources */ = {isa = PBXBuildFile; fileRef = A7CB6FD11E1ECEF9009342C5 /* FoodTableViewCell.swift */; };
		A7DDCA391E27352F00B90839 /* ManagerLogInViewController.swift in Sources */ = {isa = PBXBuildFile; fileRef = A7DDCA381E27352F00B90839 /* ManagerLogInViewController.swift */; };
/* End PBXBuildFile section */

/* Begin PBXFileReference section */
		0773D1188DD75E10B9D7533F /* Pods-MCICafe.release.xcconfig */ = {isa = PBXFileReference; includeInIndex = 1; lastKnownFileType = text.xcconfig; name = "Pods-MCICafe.release.xcconfig"; path = "Pods/Target Support Files/Pods-MCICafe/Pods-MCICafe.release.xcconfig"; sourceTree = "<group>"; };
		999E6FD64B78CD5E0E181E33 /* Pods_MCICafe.framework */ = {isa = PBXFileReference; explicitFileType = wrapper.framework; includeInIndex = 0; path = Pods_MCICafe.framework; sourceTree = BUILT_PRODUCTS_DIR; };
		A7180B4B1E12518F0025279D /* SpecialsCell.swift */ = {isa = PBXFileReference; fileEncoding = 4; lastKnownFileType = sourcecode.swift; path = SpecialsCell.swift; sourceTree = "<group>"; };
		A74262B21E0E3C870009B34A /* ModelMenu.swift */ = {isa = PBXFileReference; fileEncoding = 4; lastKnownFileType = sourcecode.swift; path = ModelMenu.swift; sourceTree = "<group>"; };
		A7712FA81E3C410E00F02847 /* NotificationViewController.swift */ = {isa = PBXFileReference; fileEncoding = 4; lastKnownFileType = sourcecode.swift; path = NotificationViewController.swift; sourceTree = "<group>"; };
		A793522D1E0E362B00C36D82 /* MCICafe.app */ = {isa = PBXFileReference; explicitFileType = wrapper.application; includeInIndex = 0; path = MCICafe.app; sourceTree = BUILT_PRODUCTS_DIR; };
		A79352301E0E362B00C36D82 /* AppDelegate.swift */ = {isa = PBXFileReference; lastKnownFileType = sourcecode.swift; path = AppDelegate.swift; sourceTree = "<group>"; };
		A79352321E0E362B00C36D82 /* FoodSpecialsViewController.swift */ = {isa = PBXFileReference; lastKnownFileType = sourcecode.swift; path = FoodSpecialsViewController.swift; sourceTree = "<group>"; };
		A79352341E0E362B00C36D82 /* FoodViewController.swift */ = {isa = PBXFileReference; lastKnownFileType = sourcecode.swift; path = FoodViewController.swift; sourceTree = "<group>"; };
		A79352371E0E362B00C36D82 /* Base */ = {isa = PBXFileReference; lastKnownFileType = file.storyboard; name = Base; path = Base.lproj/Main.storyboard; sourceTree = "<group>"; };
		A79352391E0E362B00C36D82 /* Assets.xcassets */ = {isa = PBXFileReference; lastKnownFileType = folder.assetcatalog; path = Assets.xcassets; sourceTree = "<group>"; };
		A793523C1E0E362B00C36D82 /* Base */ = {isa = PBXFileReference; lastKnownFileType = file.storyboard; name = Base; path = Base.lproj/LaunchScreen.storyboard; sourceTree = "<group>"; };
		A793523E1E0E362B00C36D82 /* Info.plist */ = {isa = PBXFileReference; lastKnownFileType = text.plist.xml; path = Info.plist; sourceTree = "<group>"; };
		A79352441E0E37BE00C36D82 /* GoogleService-Info.plist */ = {isa = PBXFileReference; fileEncoding = 4; lastKnownFileType = text.plist.xml; path = "GoogleService-Info.plist"; sourceTree = "<group>"; };
		A799B9F01E5A6E9000D4ACEF /* ViewController.swift */ = {isa = PBXFileReference; fileEncoding = 4; lastKnownFileType = sourcecode.swift; path = ViewController.swift; sourceTree = "<group>"; };
		A79B72641E21827A008605CF /* DrinksViewController.swift */ = {isa = PBXFileReference; fileEncoding = 4; lastKnownFileType = sourcecode.swift; path = DrinksViewController.swift; sourceTree = "<group>"; };
		A79B72661E25BC07008605CF /* InfoViewController.swift */ = {isa = PBXFileReference; fileEncoding = 4; lastKnownFileType = sourcecode.swift; path = InfoViewController.swift; sourceTree = "<group>"; };
		A79B72681E25CD25008605CF /* Artwork.swift */ = {isa = PBXFileReference; fileEncoding = 4; lastKnownFileType = sourcecode.swift; path = Artwork.swift; sourceTree = "<group>"; };
		A79B726A1E25D1CE008605CF /* OpenMap.swift */ = {isa = PBXFileReference; fileEncoding = 4; lastKnownFileType = sourcecode.swift; path = OpenMap.swift; sourceTree = "<group>"; };
		A79C381F1E4FBBF000DD2966 /* NotiTextViewController.swift */ = {isa = PBXFileReference; fileEncoding = 4; lastKnownFileType = sourcecode.swift; path = NotiTextViewController.swift; sourceTree = "<group>"; };
		A79C38211E4FBD4D00DD2966 /* NotiTableViewCell.swift */ = {isa = PBXFileReference; fileEncoding = 4; lastKnownFileType = sourcecode.swift; path = NotiTableViewCell.swift; sourceTree = "<group>"; };
		A7BEBEA11E27557400FDA9E8 /* EditViewController.swift */ = {isa = PBXFileReference; fileEncoding = 4; lastKnownFileType = sourcecode.swift; path = EditViewController.swift; sourceTree = "<group>"; };
		A7CB6FD11E1ECEF9009342C5 /* FoodTableViewCell.swift */ = {isa = PBXFileReference; fileEncoding = 4; lastKnownFileType = sourcecode.swift; path = FoodTableViewCell.swift; sourceTree = "<group>"; };
		A7DDCA371E260F4300B90839 /* MCICafe.entitlements */ = {isa = PBXFileReference; lastKnownFileType = text.plist.entitlements; path = MCICafe.entitlements; sourceTree = "<group>"; };
		A7DDCA381E27352F00B90839 /* ManagerLogInViewController.swift */ = {isa = PBXFileReference; fileEncoding = 4; lastKnownFileType = sourcecode.swift; path = ManagerLogInViewController.swift; sourceTree = "<group>"; };
		E8D41E3DFE009BFA4D2302E5 /* Pods-MCICafe.debug.xcconfig */ = {isa = PBXFileReference; includeInIndex = 1; lastKnownFileType = text.xcconfig; name = "Pods-MCICafe.debug.xcconfig"; path = "Pods/Target Support Files/Pods-MCICafe/Pods-MCICafe.debug.xcconfig"; sourceTree = "<group>"; };
/* End PBXFileReference section */

/* Begin PBXFrameworksBuildPhase section */
		A793522A1E0E362B00C36D82 /* Frameworks */ = {
			isa = PBXFrameworksBuildPhase;
			buildActionMask = 2147483647;
			files = (
				985AFF6F0351536052548775 /* Pods_MCICafe.framework in Frameworks */,
			);
			runOnlyForDeploymentPostprocessing = 0;
		};
/* End PBXFrameworksBuildPhase section */

/* Begin PBXGroup section */
		92CDE7D80522EDF4CCD73EEE /* Frameworks */ = {
			isa = PBXGroup;
			children = (
				999E6FD64B78CD5E0E181E33 /* Pods_MCICafe.framework */,
			);
			name = Frameworks;
			sourceTree = "<group>";
		};
		A79352241E0E362B00C36D82 = {
			isa = PBXGroup;
			children = (
				A793522F1E0E362B00C36D82 /* MCICafe */,
				A793522E1E0E362B00C36D82 /* Products */,
				CE64ED9A72CCD34F80FC04E2 /* Pods */,
				92CDE7D80522EDF4CCD73EEE /* Frameworks */,
			);
			sourceTree = "<group>";
		};
		A793522E1E0E362B00C36D82 /* Products */ = {
			isa = PBXGroup;
			children = (
				A793522D1E0E362B00C36D82 /* MCICafe.app */,
			);
			name = Products;
			sourceTree = "<group>";
		};
		A793522F1E0E362B00C36D82 /* MCICafe */ = {
			isa = PBXGroup;
			children = (
				A7DDCA371E260F4300B90839 /* MCICafe.entitlements */,
				A79352441E0E37BE00C36D82 /* GoogleService-Info.plist */,
				A79352301E0E362B00C36D82 /* AppDelegate.swift */,
				A74262B21E0E3C870009B34A /* ModelMenu.swift */,
				A7180B4B1E12518F0025279D /* SpecialsCell.swift */,
				A79352321E0E362B00C36D82 /* FoodSpecialsViewController.swift */,
				A7CB6FD11E1ECEF9009342C5 /* FoodTableViewCell.swift */,
				A79352341E0E362B00C36D82 /* FoodViewController.swift */,
				A7712FA81E3C410E00F02847 /* NotificationViewController.swift */,
				A79B72641E21827A008605CF /* DrinksViewController.swift */,
				A79B72661E25BC07008605CF /* InfoViewController.swift */,
				A7DDCA381E27352F00B90839 /* ManagerLogInViewController.swift */,
				A7BEBEA11E27557400FDA9E8 /* EditViewController.swift */,
				A799B9F01E5A6E9000D4ACEF /* ViewController.swift */,
				A79C381F1E4FBBF000DD2966 /* NotiTextViewController.swift */,
				A79C38211E4FBD4D00DD2966 /* NotiTableViewCell.swift */,
				A79B726A1E25D1CE008605CF /* OpenMap.swift */,
				A79B72681E25CD25008605CF /* Artwork.swift */,
				A79352361E0E362B00C36D82 /* Main.storyboard */,
				A79352391E0E362B00C36D82 /* Assets.xcassets */,
				A793523B1E0E362B00C36D82 /* LaunchScreen.storyboard */,
				A793523E1E0E362B00C36D82 /* Info.plist */,
			);
			path = MCICafe;
			sourceTree = "<group>";
		};
		CE64ED9A72CCD34F80FC04E2 /* Pods */ = {
			isa = PBXGroup;
			children = (
				E8D41E3DFE009BFA4D2302E5 /* Pods-MCICafe.debug.xcconfig */,
				0773D1188DD75E10B9D7533F /* Pods-MCICafe.release.xcconfig */,
			);
			name = Pods;
			sourceTree = "<group>";
		};
/* End PBXGroup section */

/* Begin PBXNativeTarget section */
		A793522C1E0E362B00C36D82 /* MCICafe */ = {
			isa = PBXNativeTarget;
			buildConfigurationList = A79352411E0E362B00C36D82 /* Build configuration list for PBXNativeTarget "MCICafe" */;
			buildPhases = (
				6CC60E9DC06F2D28FE360A47 /* [CP] Check Pods Manifest.lock */,
				A79352291E0E362B00C36D82 /* Sources */,
				A793522A1E0E362B00C36D82 /* Frameworks */,
				A793522B1E0E362B00C36D82 /* Resources */,
				9460B29D327E768E90BFA2E0 /* [CP] Embed Pods Frameworks */,
				D83E96E40309415BF9F1DA4C /* [CP] Copy Pods Resources */,
			);
			buildRules = (
			);
			dependencies = (
			);
			name = MCICafe;
			productName = MCICafe;
			productReference = A793522D1E0E362B00C36D82 /* MCICafe.app */;
			productType = "com.apple.product-type.application";
		};
/* End PBXNativeTarget section */

/* Begin PBXProject section */
		A79352251E0E362B00C36D82 /* Project object */ = {
			isa = PBXProject;
			attributes = {
				LastSwiftUpdateCheck = 0800;
				LastUpgradeCheck = 0820;
				ORGANIZATIONNAME = "Erick Barbosa";
				TargetAttributes = {
					A793522C1E0E362B00C36D82 = {
						CreatedOnToolsVersion = 8.0;
						DevelopmentTeam = 5365TKQKLN;
						ProvisioningStyle = Automatic;
						SystemCapabilities = {
							com.apple.BackgroundModes = {
								enabled = 1;
							};
							com.apple.Push = {
								enabled = 1;
							};
						};
					};
				};
			};
			buildConfigurationList = A79352281E0E362B00C36D82 /* Build configuration list for PBXProject "MCICafe" */;
			compatibilityVersion = "Xcode 3.2";
			developmentRegion = English;
			hasScannedForEncodings = 0;
			knownRegions = (
				en,
				Base,
			);
			mainGroup = A79352241E0E362B00C36D82;
			productRefGroup = A793522E1E0E362B00C36D82 /* Products */;
			projectDirPath = "";
			projectRoot = "";
			targets = (
				A793522C1E0E362B00C36D82 /* MCICafe */,
			);
		};
/* End PBXProject section */

/* Begin PBXResourcesBuildPhase section */
		A793522B1E0E362B00C36D82 /* Resources */ = {
			isa = PBXResourcesBuildPhase;
			buildActionMask = 2147483647;
			files = (
				A793523D1E0E362B00C36D82 /* LaunchScreen.storyboard in Resources */,
				A79352451E0E37BE00C36D82 /* GoogleService-Info.plist in Resources */,
				A793523A1E0E362B00C36D82 /* Assets.xcassets in Resources */,
				A79352381E0E362B00C36D82 /* Main.storyboard in Resources */,
			);
			runOnlyForDeploymentPostprocessing = 0;
		};
/* End PBXResourcesBuildPhase section */

/* Begin PBXShellScriptBuildPhase section */
		6CC60E9DC06F2D28FE360A47 /* [CP] Check Pods Manifest.lock */ = {
			isa = PBXShellScriptBuildPhase;
			buildActionMask = 2147483647;
			files = (
			);
			inputPaths = (
			);
			name = "[CP] Check Pods Manifest.lock";
			outputPaths = (
			);
			runOnlyForDeploymentPostprocessing = 0;
			shellPath = /bin/sh;
			shellScript = "diff \"${PODS_ROOT}/../Podfile.lock\" \"${PODS_ROOT}/Manifest.lock\" > /dev/null\nif [ $? != 0 ] ; then\n    # print error to STDERR\n    echo \"error: The sandbox is not in sync with the Podfile.lock. Run 'pod install' or update your CocoaPods installation.\" >&2\n    exit 1\nfi\n";
			showEnvVarsInLog = 0;
		};
		9460B29D327E768E90BFA2E0 /* [CP] Embed Pods Frameworks */ = {
			isa = PBXShellScriptBuildPhase;
			buildActionMask = 2147483647;
			files = (
			);
			inputPaths = (
			);
			name = "[CP] Embed Pods Frameworks";
			outputPaths = (
			);
			runOnlyForDeploymentPostprocessing = 0;
			shellPath = /bin/sh;
			shellScript = "\"${SRCROOT}/Pods/Target Support Files/Pods-MCICafe/Pods-MCICafe-frameworks.sh\"\n";
			showEnvVarsInLog = 0;
		};
		D83E96E40309415BF9F1DA4C /* [CP] Copy Pods Resources */ = {
			isa = PBXShellScriptBuildPhase;
			buildActionMask = 2147483647;
			files = (
			);
			inputPaths = (
			);
			name = "[CP] Copy Pods Resources";
			outputPaths = (
			);
			runOnlyForDeploymentPostprocessing = 0;
			shellPath = /bin/sh;
			shellScript = "\"${SRCROOT}/Pods/Target Support Files/Pods-MCICafe/Pods-MCICafe-resources.sh\"\n";
			showEnvVarsInLog = 0;
		};
/* End PBXShellScriptBuildPhase section */

/* Begin PBXSourcesBuildPhase section */
		A79352291E0E362B00C36D82 /* Sources */ = {
			isa = PBXSourcesBuildPhase;
			buildActionMask = 2147483647;
			files = (
				A79B726B1E25D1CE008605CF /* OpenMap.swift in Sources */,
				A79C38221E4FBD4D00DD2966 /* NotiTableViewCell.swift in Sources */,
				A79B72651E21827A008605CF /* DrinksViewController.swift in Sources */,
				A74262B31E0E3C870009B34A /* ModelMenu.swift in Sources */,
				A79C38201E4FBBF000DD2966 /* NotiTextViewController.swift in Sources */,
				A79352351E0E362B00C36D82 /* FoodViewController.swift in Sources */,
				A79352311E0E362B00C36D82 /* AppDelegate.swift in Sources */,
				A7180B4C1E12518F0025279D /* SpecialsCell.swift in Sources */,
				A79352331E0E362B00C36D82 /* FoodSpecialsViewController.swift in Sources */,
				A79B72671E25BC07008605CF /* InfoViewController.swift in Sources */,
				A7BEBEA21E27557400FDA9E8 /* EditViewController.swift in Sources */,
				A7712FA91E3C410E00F02847 /* NotificationViewController.swift in Sources */,
				A7DDCA391E27352F00B90839 /* ManagerLogInViewController.swift in Sources */,
				A79B72691E25CD25008605CF /* Artwork.swift in Sources */,
				A799B9F11E5A6E9000D4ACEF /* ViewController.swift in Sources */,
				A7CB6FD21E1ECEF9009342C5 /* FoodTableViewCell.swift in Sources */,
			);
			runOnlyForDeploymentPostprocessing = 0;
		};
/* End PBXSourcesBuildPhase section */

/* Begin PBXVariantGroup section */
		A79352361E0E362B00C36D82 /* Main.storyboard */ = {
			isa = PBXVariantGroup;
			children = (
				A79352371E0E362B00C36D82 /* Base */,
			);
			name = Main.storyboard;
			sourceTree = "<group>";
		};
		A793523B1E0E362B00C36D82 /* LaunchScreen.storyboard */ = {
			isa = PBXVariantGroup;
			children = (
				A793523C1E0E362B00C36D82 /* Base */,
			);
			name = LaunchScreen.storyboard;
			sourceTree = "<group>";
		};
/* End PBXVariantGroup section */

/* Begin XCBuildConfiguration section */
		A793523F1E0E362B00C36D82 /* Debug */ = {
			isa = XCBuildConfiguration;
			buildSettings = {
				ALWAYS_EMBED_SWIFT_STANDARD_LIBRARIES = NO;
				ALWAYS_SEARCH_USER_PATHS = NO;
				CLANG_ANALYZER_NONNULL = YES;
				CLANG_CXX_LANGUAGE_STANDARD = "gnu++0x";
				CLANG_CXX_LIBRARY = "libc++";
				CLANG_ENABLE_MODULES = YES;
				CLANG_ENABLE_OBJC_ARC = YES;
				CLANG_WARN_BOOL_CONVERSION = YES;
				CLANG_WARN_CONSTANT_CONVERSION = YES;
				CLANG_WARN_DIRECT_OBJC_ISA_USAGE = YES_ERROR;
				CLANG_WARN_DOCUMENTATION_COMMENTS = YES;
				CLANG_WARN_EMPTY_BODY = YES;
				CLANG_WARN_ENUM_CONVERSION = YES;
				CLANG_WARN_INFINITE_RECURSION = YES;
				CLANG_WARN_INT_CONVERSION = YES;
				CLANG_WARN_OBJC_ROOT_CLASS = YES_ERROR;
				CLANG_WARN_SUSPICIOUS_MOVE = YES;
				CLANG_WARN_SUSPICIOUS_MOVES = YES;
				CLANG_WARN_UNREACHABLE_CODE = YES;
				CLANG_WARN__DUPLICATE_METHOD_MATCH = YES;
				"CODE_SIGN_IDENTITY[sdk=iphoneos*]" = "iPhone Developer";
				COPY_PHASE_STRIP = NO;
				DEBUG_INFORMATION_FORMAT = dwarf;
				ENABLE_STRICT_OBJC_MSGSEND = YES;
				ENABLE_TESTABILITY = YES;
				GCC_C_LANGUAGE_STANDARD = gnu99;
				GCC_DYNAMIC_NO_PIC = NO;
				GCC_NO_COMMON_BLOCKS = YES;
				GCC_OPTIMIZATION_LEVEL = 0;
				GCC_PREPROCESSOR_DEFINITIONS = (
					"DEBUG=1",
					"$(inherited)",
				);
				GCC_WARN_64_TO_32_BIT_CONVERSION = YES;
				GCC_WARN_ABOUT_RETURN_TYPE = YES_ERROR;
				GCC_WARN_UNDECLARED_SELECTOR = YES;
				GCC_WARN_UNINITIALIZED_AUTOS = YES_AGGRESSIVE;
				GCC_WARN_UNUSED_FUNCTION = YES;
				GCC_WARN_UNUSED_VARIABLE = YES;
				IPHONEOS_DEPLOYMENT_TARGET = 10.0;
				MTL_ENABLE_DEBUG_INFO = YES;
				ONLY_ACTIVE_ARCH = NO;
				SDKROOT = iphoneos;
				SWIFT_ACTIVE_COMPILATION_CONDITIONS = DEBUG;
				SWIFT_OPTIMIZATION_LEVEL = "-Onone";
			};
			name = Debug;
		};
		A79352401E0E362B00C36D82 /* Release */ = {
			isa = XCBuildConfiguration;
			buildSettings = {
				ALWAYS_EMBED_SWIFT_STANDARD_LIBRARIES = NO;
				ALWAYS_SEARCH_USER_PATHS = NO;
				CLANG_ANALYZER_NONNULL = YES;
				CLANG_CXX_LANGUAGE_STANDARD = "gnu++0x";
				CLANG_CXX_LIBRARY = "libc++";
				CLANG_ENABLE_MODULES = YES;
				CLANG_ENABLE_OBJC_ARC = YES;
				CLANG_WARN_BOOL_CONVERSION = YES;
				CLANG_WARN_CONSTANT_CONVERSION = YES;
				CLANG_WARN_DIRECT_OBJC_ISA_USAGE = YES_ERROR;
				CLANG_WARN_DOCUMENTATION_COMMENTS = YES;
				CLANG_WARN_EMPTY_BODY = YES;
				CLANG_WARN_ENUM_CONVERSION = YES;
				CLANG_WARN_INFINITE_RECURSION = YES;
				CLANG_WARN_INT_CONVERSION = YES;
				CLANG_WARN_OBJC_ROOT_CLASS = YES_ERROR;
				CLANG_WARN_SUSPICIOUS_MOVE = YES;
				CLANG_WARN_SUSPICIOUS_MOVES = YES;
				CLANG_WARN_UNREACHABLE_CODE = YES;
				CLANG_WARN__DUPLICATE_METHOD_MATCH = YES;
				"CODE_SIGN_IDENTITY[sdk=iphoneos*]" = "iPhone Developer";
				COPY_PHASE_STRIP = NO;
				DEBUG_INFORMATION_FORMAT = "dwarf-with-dsym";
				ENABLE_NS_ASSERTIONS = NO;
				ENABLE_STRICT_OBJC_MSGSEND = YES;
				GCC_C_LANGUAGE_STANDARD = gnu99;
				GCC_NO_COMMON_BLOCKS = YES;
				GCC_WARN_64_TO_32_BIT_CONVERSION = YES;
				GCC_WARN_ABOUT_RETURN_TYPE = YES_ERROR;
				GCC_WARN_UNDECLARED_SELECTOR = YES;
				GCC_WARN_UNINITIALIZED_AUTOS = YES_AGGRESSIVE;
				GCC_WARN_UNUSED_FUNCTION = YES;
				GCC_WARN_UNUSED_VARIABLE = YES;
				IPHONEOS_DEPLOYMENT_TARGET = 10.0;
				MTL_ENABLE_DEBUG_INFO = NO;
				SDKROOT = iphoneos;
				SWIFT_OPTIMIZATION_LEVEL = "-Owholemodule";
				VALIDATE_PRODUCT = YES;
			};
			name = Release;
		};
		A79352421E0E362B00C36D82 /* Debug */ = {
			isa = XCBuildConfiguration;
			baseConfigurationReference = E8D41E3DFE009BFA4D2302E5 /* Pods-MCICafe.debug.xcconfig */;
			buildSettings = {
				ALWAYS_EMBED_SWIFT_STANDARD_LIBRARIES = "$(inherited)";
				ASSETCATALOG_COMPILER_APPICON_NAME = AppIcon;
				CODE_SIGN_ENTITLEMENTS = MCICafe/MCICafe.entitlements;
				DEVELOPMENT_TEAM = 5365TKQKLN;
				INFOPLIST_FILE = MCICafe/Info.plist;
				LD_RUNPATH_SEARCH_PATHS = "$(inherited) @executable_path/Frameworks";
				ONLY_ACTIVE_ARCH = YES;
				PRODUCT_BUNDLE_IDENTIFIER = ErickApps.MCICafe;
				PRODUCT_NAME = "$(TARGET_NAME)";
				SWIFT_VERSION = 3.0;
			};
			name = Debug;
		};
		A79352431E0E362B00C36D82 /* Release */ = {
			isa = XCBuildConfiguration;
			baseConfigurationReference = 0773D1188DD75E10B9D7533F /* Pods-MCICafe.release.xcconfig */;
			buildSettings = {
				ALWAYS_EMBED_SWIFT_STANDARD_LIBRARIES = "$(inherited)";
				ASSETCATALOG_COMPILER_APPICON_NAME = AppIcon;
				CODE_SIGN_ENTITLEMENTS = MCICafe/MCICafe.entitlements;
				DEVELOPMENT_TEAM = 5365TKQKLN;
				INFOPLIST_FILE = MCICafe/Info.plist;
				LD_RUNPATH_SEARCH_PATHS = "$(inherited) @executable_path/Frameworks";
				ONLY_ACTIVE_ARCH = YES;
				PRODUCT_BUNDLE_IDENTIFIER = ErickApps.MCICafe;
				PRODUCT_NAME = "$(TARGET_NAME)";
				SWIFT_VERSION = 3.0;
			};
			name = Release;
		};
/* End XCBuildConfiguration section */

/* Begin XCConfigurationList section */
		A79352281E0E362B00C36D82 /* Build configuration list for PBXProject "MCICafe" */ = {
			isa = XCConfigurationList;
			buildConfigurations = (
				A793523F1E0E362B00C36D82 /* Debug */,
				A79352401E0E362B00C36D82 /* Release */,
			);
			defaultConfigurationIsVisible = 0;
			defaultConfigurationName = Release;
		};
		A79352411E0E362B00C36D82 /* Build configuration list for PBXNativeTarget "MCICafe" */ = {
			isa = XCConfigurationList;
			buildConfigurations = (
				A79352421E0E362B00C36D82 /* Debug */,
				A79352431E0E362B00C36D82 /* Release */,
			);
			defaultConfigurationIsVisible = 0;
			defaultConfigurationName = Release;
		};
/* End XCConfigurationList section */
	};
	rootObject = A79352251E0E362B00C36D82 /* Project object */;
}
